
Microsoft Visual Studio Solution File, Format Version 12.00
# Visual Studio Version 17
VisualStudioVersion = 17.3.32825.248
MinimumVisualStudioVersion = 10.0.40219.1
Project("{FAE04EC0-301F-11D3-BF4B-00C04F79EFBC}") = "Monogame_Assignment2", "Monogame_Assignment2\Monogame_Assignment2.csproj", "{EE47BFF4-A040-4A44-B88E-7BAF77039FBA}"
EndProject
Global
	GlobalSection(SolutionConfigurationPlatforms) = preSolution
		Debug|Any CPU = Debug|Any CPU
		Release|Any CPU = Release|Any CPU
	EndGlobalSection
	GlobalSection(ProjectConfigurationPlatforms) = postSolution
		{EE47BFF4-A040-4A44-B88E-7BAF77039FBA}.Debug|Any CPU.ActiveCfg = Debug|Any CPU
		{EE47BFF4-A040-4A44-B88E-7BAF77039FBA}.Debug|Any CPU.Build.0 = Debug|Any CPU
		{EE47BFF4-A040-4A44-B88E-7BAF77039FBA}.Release|Any CPU.ActiveCfg = Release|Any CPU
		{EE47BFF4-A040-4A44-B88E-7BAF77039FBA}.Release|Any CPU.Build.0 = Release|Any CPU
	EndGlobalSection
	GlobalSection(SolutionProperties) = preSolution
		HideSolutionNode = FALSE
	EndGlobalSection
	GlobalSection(ExtensibilityGlobals) = postSolution
		SolutionGuid = {EABDABC1-9BBD-4511-9F3D-BDE5282DEC92}
	EndGlobalSection
EndGlobal
